// !$*UTF8*$!
{
	archiveVersion = 1;
	classes = {
	};
	objectVersion = 46;
	objects = {

/* Begin PBXBuildFile section */
		A864D0F11DF38DBE00E2BD0C /* AppDelegate.swift in Sources */ = {isa = PBXBuildFile; fileRef = A864D0F01DF38DBE00E2BD0C /* AppDelegate.swift */; };
		A864D0F31DF38DBE00E2BD0C /* ViewController.swift in Sources */ = {isa = PBXBuildFile; fileRef = A864D0F21DF38DBE00E2BD0C /* ViewController.swift */; };
		A864D0F61DF38DBE00E2BD0C /* Main.storyboard in Resources */ = {isa = PBXBuildFile; fileRef = A864D0F41DF38DBE00E2BD0C /* Main.storyboard */; };
		A864D0F81DF38DBE00E2BD0C /* Assets.xcassets in Resources */ = {isa = PBXBuildFile; fileRef = A864D0F71DF38DBE00E2BD0C /* Assets.xcassets */; };
		A864D0FB1DF38DBE00E2BD0C /* LaunchScreen.storyboard in Resources */ = {isa = PBXBuildFile; fileRef = A864D0F91DF38DBE00E2BD0C /* LaunchScreen.storyboard */; };
/* End PBXBuildFile section */

/* Begin PBXFileReference section */
		A864D0ED1DF38DBE00E2BD0C /* Meals.app */ = {isa = PBXFileReference; explicitFileType = wrapper.application; includeInIndex = 0; path = Meals.app; sourceTree = BUILT_PRODUCTS_DIR; };
		A864D0F01DF38DBE00E2BD0C /* AppDelegate.swift */ = {isa = PBXFileReference; lastKnownFileType = sourcecode.swift; path = AppDelegate.swift; sourceTree = "<group>"; };
		A864D0F21DF38DBE00E2BD0C /* ViewController.swift */ = {isa = PBXFileReference; lastKnownFileType = sourcecode.swift; path = ViewController.swift; sourceTree = "<group>"; };
		A864D0F51DF38DBE00E2BD0C /* Base */ = {isa = PBXFileReference; lastKnownFileType = file.storyboard; name = Base; path = Base.lproj/Main.storyboard; sourceTree = "<group>"; };
		A864D0F71DF38DBE00E2BD0C /* Assets.xcassets */ = {isa = PBXFileReference; lastKnownFileType = folder.assetcatalog; path = Assets.xcassets; sourceTree = "<group>"; };
		A864D0FA1DF38DBE00E2BD0C /* Base */ = {isa = PBXFileReference; lastKnownFileType = file.storyboard; name = Base; path = Base.lproj/LaunchScreen.storyboard; sourceTree = "<group>"; };
		A864D0FC1DF38DBE00E2BD0C /* Info.plist */ = {isa = PBXFileReference; lastKnownFileType = text.plist.xml; path = Info.plist; sourceTree = "<group>"; };
/* End PBXFileReference section */

/* Begin PBXFrameworksBuildPhase section */
		A864D0EA1DF38DBE00E2BD0C /* Frameworks */ = {
			isa = PBXFrameworksBuildPhase;
			buildActionMask = 2147483647;
			files = (
			);
			runOnlyForDeploymentPostprocessing = 0;
		};
/* End PBXFrameworksBuildPhase section */

/* Begin PBXGroup section */
		A864D0E41DF38DBE00E2BD0C = {
			isa = PBXGroup;
			children = (
				A864D0EF1DF38DBE00E2BD0C /* Meals */,
				A864D0EE1DF38DBE00E2BD0C /* Products */,
			);
			sourceTree = "<group>";
		};
		A864D0EE1DF38DBE00E2BD0C /* Products */ = {
			isa = PBXGroup;
			children = (
				A864D0ED1DF38DBE00E2BD0C /* Meals.app */,
			);
			name = Products;
			sourceTree = "<group>";
		};
		A864D0EF1DF38DBE00E2BD0C /* Meals */ = {
			isa = PBXGroup;
			children = (
				A864D0F01DF38DBE00E2BD0C /* AppDelegate.swift */,
				A864D0F21DF38DBE00E2BD0C /* ViewController.swift */,
				A864D0F41DF38DBE00E2BD0C /* Main.storyboard */,
				A864D0F71DF38DBE00E2BD0C /* Assets.xcassets */,
				A864D0F91DF38DBE00E2BD0C /* LaunchScreen.storyboard */,
				A864D0FC1DF38DBE00E2BD0C /* Info.plist */,
			);
			path = Meals;
			sourceTree = "<group>";
		};
/* End PBXGroup section */

/* Begin PBXNativeTarget section */
		A864D0EC1DF38DBE00E2BD0C /* Meals */ = {
			isa = PBXNativeTarget;
			buildConfigurationList = A864D0FF1DF38DBE00E2BD0C /* Build configuration list for PBXNativeTarget "Meals" */;
			buildPhases = (
				A864D0E91DF38DBE00E2BD0C /* Sources */,
				A864D0EA1DF38DBE00E2BD0C /* Frameworks */,
				A864D0EB1DF38DBE00E2BD0C /* Resources */,
			);
			buildRules = (
			);
			dependencies = (
			);
			name = Meals;
			productName = Meals;
			productReference = A864D0ED1DF38DBE00E2BD0C /* Meals.app */;
			productType = "com.apple.product-type.application";
		};
/* End PBXNativeTarget section */

/* Begin PBXProject section */
		A864D0E51DF38DBE00E2BD0C /* Project object */ = {
			isa = PBXProject;
			attributes = {
				LastSwiftUpdateCheck = 0810;
				LastUpgradeCheck = 0810;
				ORGANIZATIONNAME = "Matt Deuschle";
				TargetAttributes = {
					A864D0EC1DF38DBE00E2BD0C = {
						CreatedOnToolsVersion = 8.1;
						ProvisioningStyle = Automatic;
					};
				};
			};
			buildConfigurationList = A864D0E81DF38DBE00E2BD0C /* Build configuration list for PBXProject "Meals" */;
			compatibilityVersion = "Xcode 3.2";
			developmentRegion = English;
			hasScannedForEncodings = 0;
			knownRegions = (
				en,
				Base,
			);
			mainGroup = A864D0E41DF38DBE00E2BD0C;
			productRefGroup = A864D0EE1DF38DBE00E2BD0C /* Products */;
			projectDirPath = "";
			projectRoot = "";
			targets = (
				A864D0EC1DF38DBE00E2BD0C /* Meals */,
			);
		};
/* End PBXProject section */

/* Begin PBXResourcesBuildPhase section */
		A864D0EB1DF38DBE00E2BD0C /* Resources */ = {
			isa = PBXResourcesBuildPhase;
			buildActionMask = 2147483647;
			files = (
				A864D0FB1DF38DBE00E2BD0C /* LaunchScreen.storyboard in Resources */,
				A864D0F81DF38DBE00E2BD0C /* Assets.xcassets in Resources */,
				A864D0F61DF38DBE00E2BD0C /* Main.storyboard in Resources */,
			);
			runOnlyForDeploymentPostprocessing = 0;
		};
/* End PBXResourcesBuildPhase section */

/* Begin PBXSourcesBuildPhase section */
		A864D0E91DF38DBE00E2BD0C /* Sources */ = {
			isa = PBXSourcesBuildPhase;
			buildActionMask = 2147483647;
			files = (
				A864D0F31DF38DBE00E2BD0C /* ViewController.swift in Sources */,
				A864D0F11DF38DBE00E2BD0C /* AppDelegate.swift in Sources */,
			);
			runOnlyForDeploymentPostprocessing = 0;
		};
/* End PBXSourcesBuildPhase section */

/* Begin PBXVariantGroup section */
		A864D0F41DF38DBE00E2BD0C /* Main.storyboard */ = {
			isa = PBXVariantGroup;
			children = (
				A864D0F51DF38DBE00E2BD0C /* Base */,
			);
			name = Main.storyboard;
			sourceTree = "<group>";
		};
		A864D0F91DF38DBE00E2BD0C /* LaunchScreen.storyboard */ = {
			isa = PBXVariantGroup;
			children = (
				A864D0FA1DF38DBE00E2BD0C /* Base */,
			);
			name = LaunchScreen.storyboard;
			sourceTree = "<group>";
		};
/* End PBXVariantGroup section */

/* Begin XCBuildConfiguration section */
		A864D0FD1DF38DBE00E2BD0C /* Debug */ = {
			isa = XCBuildConfiguration;
			buildSettings = {
				ALWAYS_SEARCH_USER_PATHS = NO;
				CLANG_ANALYZER_NONNULL = YES;
				CLANG_CXX_LANGUAGE_STANDARD = "gnu++0x";
				CLANG_CXX_LIBRARY = "libc++";
				CLANG_ENABLE_MODULES = YES;
				CLANG_ENABLE_OBJC_ARC = YES;
				CLANG_WARN_BOOL_CONVERSION = YES;
				CLANG_WARN_CONSTANT_CONVERSION = YES;
				CLANG_WARN_DIRECT_OBJC_ISA_USAGE = YES_ERROR;
				CLANG_WARN_DOCUMENTATION_COMMENTS = YES;
				CLANG_WARN_EMPTY_BODY = YES;
				CLANG_WARN_ENUM_CONVERSION = YES;
				CLANG_WARN_INFINITE_RECURSION = YES;
				CLANG_WARN_INT_CONVERSION = YES;
				CLANG_WARN_OBJC_ROOT_CLASS = YES_ERROR;
				CLANG_WARN_SUSPICIOUS_MOVES = YES;
				CLANG_WARN_UNREACHABLE_CODE = YES;
				CLANG_WARN__DUPLICATE_METHOD_MATCH = YES;
				"CODE_SIGN_IDENTITY[sdk=iphoneos*]" = "iPhone Developer";
				COPY_PHASE_STRIP = NO;
				DEBUG_INFORMATION_FORMAT = dwarf;
				ENABLE_STRICT_OBJC_MSGSEND = YES;
				ENABLE_TESTABILITY = YES;
				GCC_C_LANGUAGE_STANDARD = gnu99;
				GCC_DYNAMIC_NO_PIC = NO;
				GCC_NO_COMMON_BLOCKS = YES;
				GCC_OPTIMIZATION_LEVEL = 0;
				GCC_PREPROCESSOR_DEFINITIONS = (
					"DEBUG=1",
					"$(inherited)",
				);
				GCC_WARN_64_TO_32_BIT_CONVERSION = YES;
				GCC_WARN_ABOUT_RETURN_TYPE = YES_ERROR;
				GCC_WARN_UNDECLARED_SELECTOR = YES;
				GCC_WARN_UNINITIALIZED_AUTOS = YES_AGGRESSIVE;
				GCC_WARN_UNUSED_FUNCTION = YES;
				GCC_WARN_UNUSED_VARIABLE = YES;
				IPHONEOS_DEPLOYMENT_TARGET = 10.1;
				MTL_ENABLE_DEBUG_INFO = YES;
				ONLY_ACTIVE_ARCH = YES;
				SDKROOT = iphoneos;
				SWIFT_ACTIVE_COMPILATION_CONDITIONS = DEBUG;
				SWIFT_OPTIMIZATION_LEVEL = "-Onone";
				TARGETED_DEVICE_FAMILY = "1,2";
			};
			name = Debug;
		};
		A864D0FE1DF38DBE00E2BD0C /* Release */ = {
			isa = XCBuildConfiguration;
			buildSettings = {
				ALWAYS_SEARCH_USER_PATHS = NO;
				CLANG_ANALYZER_NONNULL = YES;
				CLANG_CXX_LANGUAGE_STANDARD = "gnu++0x";
				CLANG_CXX_LIBRARY = "libc++";
				CLANG_ENABLE_MODULES = YES;
				CLANG_ENABLE_OBJC_ARC = YES;
				CLANG_WARN_BOOL_CONVERSION = YES;
				CLANG_WARN_CONSTANT_CONVERSION = YES;
				CLANG_WARN_DIRECT_OBJC_ISA_USAGE = YES_ERROR;
				CLANG_WARN_DOCUMENTATION_COMMENTS = YES;
				CLANG_WARN_EMPTY_BODY = YES;
				CLANG_WARN_ENUM_CONVERSION = YES;
				CLANG_WARN_INFINITE_RECURSION = YES;
				CLANG_WARN_INT_CONVERSION = YES;
				CLANG_WARN_OBJC_ROOT_CLASS = YES_ERROR;
				CLANG_WARN_SUSPICIOUS_MOVES = YES;
				CLANG_WARN_UNREACHABLE_CODE = YES;
				CLANG_WARN__DUPLICATE_METHOD_MATCH = YES;
				"CODE_SIGN_IDENTITY[sdk=iphoneos*]" = "iPhone Developer";
				COPY_PHASE_STRIP = NO;
				DEBUG_INFORMATION_FORMAT = "dwarf-with-dsym";
				ENABLE_NS_ASSERTIONS = NO;
				ENABLE_STRICT_OBJC_MSGSEND = YES;
				GCC_C_LANGUAGE_STANDARD = gnu99;
				GCC_NO_COMMON_BLOCKS = YES;
				GCC_WARN_64_TO_32_BIT_CONVERSION = YES;
				GCC_WARN_ABOUT_RETURN_TYPE = YES_ERROR;
				GCC_WARN_UNDECLARED_SELECTOR = YES;
				GCC_WARN_UNINITIALIZED_AUTOS = YES_AGGRESSIVE;
				GCC_WARN_UNUSED_FUNCTION = YES;
				GCC_WARN_UNUSED_VARIABLE = YES;
				IPHONEOS_DEPLOYMENT_TARGET = 10.1;
				MTL_ENABLE_DEBUG_INFO = NO;
				SDKROOT = iphoneos;
				SWIFT_OPTIMIZATION_LEVEL = "-Owholemodule";
				TARGETED_DEVICE_FAMILY = "1,2";
				VALIDATE_PRODUCT = YES;
			};
			name = Release;
		};
		A864D1001DF38DBE00E2BD0C /* Debug */ = {
			isa = XCBuildConfiguration;
			buildSettings = {
				ASSETCATALOG_COMPILER_APPICON_NAME = AppIcon;
				INFOPLIST_FILE = Meals/Info.plist;
				LD_RUNPATH_SEARCH_PATHS = "$(inherited) @executable_path/Frameworks";
				PRODUCT_BUNDLE_IDENTIFIER = mattdeuschle.Meals;
				PRODUCT_NAME = "$(TARGET_NAME)";
				SWIFT_VERSION = 3.0;
			};
			name = Debug;
		};
		A864D1011DF38DBE00E2BD0C /* Release */ = {
			isa = XCBuildConfiguration;
			buildSettings = {
				ASSETCATALOG_COMPILER_APPICON_NAME = AppIcon;
				INFOPLIST_FILE = Meals/Info.plist;
				LD_RUNPATH_SEARCH_PATHS = "$(inherited) @executable_path/Frameworks";
				PRODUCT_BUNDLE_IDENTIFIER = mattdeuschle.Meals;
				PRODUCT_NAME = "$(TARGET_NAME)";
				SWIFT_VERSION = 3.0;
			};
			name = Release;
		};
/* End XCBuildConfiguration section */

/* Begin XCConfigurationList section */
		A864D0E81DF38DBE00E2BD0C /* Build configuration list for PBXProject "Meals" */ = {
			isa = XCConfigurationList;
			buildConfigurations = (
				A864D0FD1DF38DBE00E2BD0C /* Debug */,
				A864D0FE1DF38DBE00E2BD0C /* Release */,
			);
			defaultConfigurationIsVisible = 0;
			defaultConfigurationName = Release;
		};
		A864D0FF1DF38DBE00E2BD0C /* Build configuration list for PBXNativeTarget "Meals" */ = {
			isa = XCConfigurationList;
			buildConfigurations = (
				A864D1001DF38DBE00E2BD0C /* Debug */,
				A864D1011DF38DBE00E2BD0C /* Release */,
			);
			defaultConfigurationIsVisible = 0;
		};
/* End XCConfigurationList section */
	};
	rootObject = A864D0E51DF38DBE00E2BD0C /* Project object */;
}
